
Microsoft Visual Studio Solution File, Format Version 12.00
# Visual Studio 15
VisualStudioVersion = 15.0.28010.2050
MinimumVisualStudioVersion = 10.0.40219.1
Project("{FAE04EC0-301F-11D3-BF4B-00C04F79EFBC}") = "CheetahSoccer", "CheetahSoccer\CheetahSoccer.csproj", "{3746CA8E-8F0F-4188-8937-50B6289D337E}"
EndProject
Global
	GlobalSection(SolutionConfigurationPlatforms) = preSolution
		Debug|Any CPU = Debug|Any CPU
		Release|Any CPU = Release|Any CPU
	EndGlobalSection
	GlobalSection(ProjectConfigurationPlatforms) = postSolution
		{3746CA8E-8F0F-4188-8937-50B6289D337E}.Debug|Any CPU.ActiveCfg = Debug|Any CPU
		{3746CA8E-8F0F-4188-8937-50B6289D337E}.Debug|Any CPU.Build.0 = Debug|Any CPU
		{3746CA8E-8F0F-4188-8937-50B6289D337E}.Release|Any CPU.ActiveCfg = Release|Any CPU
		{3746CA8E-8F0F-4188-8937-50B6289D337E}.Release|Any CPU.Build.0 = Release|Any CPU
	EndGlobalSection
	GlobalSection(SolutionProperties) = preSolution
		HideSolutionNode = FALSE
	EndGlobalSection
	GlobalSection(ExtensibilityGlobals) = postSolution
		SolutionGuid = {2F6EC9BB-E28D-4F6F-865F-E55CBACEC773}
	EndGlobalSection
EndGlobal
